
Microsoft Visual Studio Solution File, Format Version 12.00
# Visual Studio Version 16
VisualStudioVersion = 16.0.30611.23
MinimumVisualStudioVersion = 10.0.40219.1
Project("{FAE04EC0-301F-11D3-BF4B-00C04F79EFBC}") = "ECommerce", "ECommerce.csproj", "{CAE7973C-FB4C-426D-AE39-C90298B07EFC}"
EndProject
Global
	GlobalSection(SolutionConfigurationPlatforms) = preSolution
		Debug|Any CPU = Debug|Any CPU
		Release|Any CPU = Release|Any CPU
	EndGlobalSection
	GlobalSection(ProjectConfigurationPlatforms) = postSolution
		{CAE7973C-FB4C-426D-AE39-C90298B07EFC}.Debug|Any CPU.ActiveCfg = Debug|Any CPU
		{CAE7973C-FB4C-426D-AE39-C90298B07EFC}.Debug|Any CPU.Build.0 = Debug|Any CPU
		{CAE7973C-FB4C-426D-AE39-C90298B07EFC}.Release|Any CPU.ActiveCfg = Release|Any CPU
		{CAE7973C-FB4C-426D-AE39-C90298B07EFC}.Release|Any CPU.Build.0 = Release|Any CPU
	EndGlobalSection
	GlobalSection(SolutionProperties) = preSolution
		HideSolutionNode = FALSE
	EndGlobalSection
	GlobalSection(ExtensibilityGlobals) = postSolution
		SolutionGuid = {5AC537F6-B5F0-46CA-9EEE-35BCB1682450}
	EndGlobalSection
EndGlobal
